
Microsoft Visual Studio Solution File, Format Version 12.00
# Visual Studio 15
Project("{FAE04EC0-301F-11D3-BF4B-00C04F79EFBC}") = "Assembly-CSharp-firstpass", "Assembly-CSharp-firstpass.csproj", "{92037D6E-B69F-83BF-47F7-26D2295AB3AD}"
EndProject
Project("{FAE04EC0-301F-11D3-BF4B-00C04F79EFBC}") = "Assembly-CSharp", "Assembly-CSharp.csproj", "{CE7EE31C-9D5A-F162-E917-7C7F74FEE215}"
EndProject
Global
	GlobalSection(SolutionConfigurationPlatforms) = preSolution
		Debug|Any CPU = Debug|Any CPU
		Release|Any CPU = Release|Any CPU
	EndGlobalSection
	GlobalSection(ProjectConfigurationPlatforms) = postSolution
		{92037D6E-B69F-83BF-47F7-26D2295AB3AD}.Debug|Any CPU.ActiveCfg = Debug|Any CPU
		{92037D6E-B69F-83BF-47F7-26D2295AB3AD}.Debug|Any CPU.Build.0 = Debug|Any CPU
		{92037D6E-B69F-83BF-47F7-26D2295AB3AD}.Release|Any CPU.ActiveCfg = Release|Any CPU
		{92037D6E-B69F-83BF-47F7-26D2295AB3AD}.Release|Any CPU.Build.0 = Release|Any CPU
		{CE7EE31C-9D5A-F162-E917-7C7F74FEE215}.Debug|Any CPU.ActiveCfg = Debug|Any CPU
		{CE7EE31C-9D5A-F162-E917-7C7F74FEE215}.Debug|Any CPU.Build.0 = Debug|Any CPU
		{CE7EE31C-9D5A-F162-E917-7C7F74FEE215}.Release|Any CPU.ActiveCfg = Release|Any CPU
		{CE7EE31C-9D5A-F162-E917-7C7F74FEE215}.Release|Any CPU.Build.0 = Release|Any CPU
	EndGlobalSection
	GlobalSection(SolutionProperties) = preSolution
		HideSolutionNode = FALSE
	EndGlobalSection
EndGlobal
